
Microsoft Visual Studio Solution File, Format Version 12.00
# Visual Studio 14
VisualStudioVersion = 14.0.24720.0
MinimumVisualStudioVersion = 10.0.40219.1
Project("{FAE04EC0-301F-11D3-BF4B-00C04F79EFBC}") = "DynamicDataEx", "DynamicDataEx\DynamicDataEx.csproj", "{0AF88DB9-2946-4EB5-B05A-6FAFADC885E3}"
EndProject
Project("{FAE04EC0-301F-11D3-BF4B-00C04F79EFBC}") = "VirtualList", "VirtualList\VirtualList.csproj", "{6D0ABE1C-D2FB-426B-98BD-2BAE67038E55}"
EndProject
Global
	GlobalSection(SolutionConfigurationPlatforms) = preSolution
		Debug|Any CPU = Debug|Any CPU
		Release|Any CPU = Release|Any CPU
	EndGlobalSection
	GlobalSection(ProjectConfigurationPlatforms) = postSolution
		{0AF88DB9-2946-4EB5-B05A-6FAFADC885E3}.Debug|Any CPU.ActiveCfg = Debug|Any CPU
		{0AF88DB9-2946-4EB5-B05A-6FAFADC885E3}.Debug|Any CPU.Build.0 = Debug|Any CPU
		{0AF88DB9-2946-4EB5-B05A-6FAFADC885E3}.Release|Any CPU.ActiveCfg = Release|Any CPU
		{0AF88DB9-2946-4EB5-B05A-6FAFADC885E3}.Release|Any CPU.Build.0 = Release|Any CPU
		{6D0ABE1C-D2FB-426B-98BD-2BAE67038E55}.Debug|Any CPU.ActiveCfg = Debug|Any CPU
		{6D0ABE1C-D2FB-426B-98BD-2BAE67038E55}.Debug|Any CPU.Build.0 = Debug|Any CPU
		{6D0ABE1C-D2FB-426B-98BD-2BAE67038E55}.Release|Any CPU.ActiveCfg = Release|Any CPU
		{6D0ABE1C-D2FB-426B-98BD-2BAE67038E55}.Release|Any CPU.Build.0 = Release|Any CPU
	EndGlobalSection
	GlobalSection(SolutionProperties) = preSolution
		HideSolutionNode = FALSE
	EndGlobalSection
EndGlobal
